{
  "name": "automatizarFirmador",
  "lockfileVersion": 3,
  "requires": true,
  "packages": {
    "": {
      "devDependencies": {
        "@eslint/js": "^9.4.0",
        "globals": "^15.4.0"
      }
    },
    "node_modules/@eslint/js": {
      "version": "9.4.0",
      "resolved": "https://registry.npmjs.org/@eslint/js/-/js-9.4.0.tgz",
      "integrity": "sha512-fdI7VJjP3Rvc70lC4xkFXHB0fiPeojiL1PxVG6t1ZvXQrarj893PweuBTujxDUFk0Fxj4R7PIIAZ/aiiyZPZcg==",
      "dev": true,
      "engines": {
        "node": "^18.18.0 || ^20.9.0 || >=21.1.0"
      }
    },
    "node_modules/globals": {
      "version": "15.4.0",
      "resolved": "https://registry.npmjs.org/globals/-/globals-15.4.0.tgz",
      "integrity": "sha512-unnwvMZpv0eDUyjNyh9DH/yxUaRYrEjW/qK4QcdrHg3oO11igUQrCSgODHEqxlKg8v2CD2Sd7UkqqEBoz5U7TQ==",
      "dev": true,
      "engines": {
        "node": ">=18"
      },
      "funding": {
        "url": "https://github.com/sponsors/sindresorhus"
      }
    }
  }
}
